// !$*UTF8*$!
{
	archiveVersion = 1;
	classes = {
	};
	objectVersion = 56;
	objects = {

/* Begin PBXBuildFile section */
		605B33622C36869A00BD872E /* NavigationBarItemScreen.swift in Sources */ = {isa = PBXBuildFile; fileRef = 605B33612C36869A00BD872E /* NavigationBarItemScreen.swift */; };
		605B33652C3688C600BD872E /* SplitViewScreen.swift in Sources */ = {isa = PBXBuildFile; fileRef = 605B33642C3688C600BD872E /* SplitViewScreen.swift */; };
		60B7753E2C3507B200E7DEF6 /* NavigationLinkFirstScreen.swift in Sources */ = {isa = PBXBuildFile; fileRef = 60B7753D2C3507B200E7DEF6 /* NavigationLinkFirstScreen.swift */; };
		60B775402C3507BA00E7DEF6 /* NavigationLinkSecondScreen.swift in Sources */ = {isa = PBXBuildFile; fileRef = 60B7753F2C3507BA00E7DEF6 /* NavigationLinkSecondScreen.swift */; };
		60B775432C3507FB00E7DEF6 /* Roadmap.swift in Sources */ = {isa = PBXBuildFile; fileRef = 60B775422C3507FB00E7DEF6 /* Roadmap.swift */; };
		60B775482C350C6300E7DEF6 /* ViewsRoadmapSelection.swift in Sources */ = {isa = PBXBuildFile; fileRef = 60B775472C350C6300E7DEF6 /* ViewsRoadmapSelection.swift */; };
		60B7754B2C35110000E7DEF6 /* NavigationViewScreen.swift in Sources */ = {isa = PBXBuildFile; fileRef = 60B7754A2C35110000E7DEF6 /* NavigationViewScreen.swift */; };
		60F314FC2C3505200088C390 /* SwiftUIRoadMapApp.swift in Sources */ = {isa = PBXBuildFile; fileRef = 60F314FB2C3505200088C390 /* SwiftUIRoadMapApp.swift */; };
		60F314FE2C3505200088C390 /* ContentView.swift in Sources */ = {isa = PBXBuildFile; fileRef = 60F314FD2C3505200088C390 /* ContentView.swift */; };
		60F315002C3505210088C390 /* Assets.xcassets in Resources */ = {isa = PBXBuildFile; fileRef = 60F314FF2C3505210088C390 /* Assets.xcassets */; };
		60F315042C3505210088C390 /* Preview Assets.xcassets in Resources */ = {isa = PBXBuildFile; fileRef = 60F315032C3505210088C390 /* Preview Assets.xcassets */; };
		60F3150E2C3505210088C390 /* SwiftUIRoadMapTests.swift in Sources */ = {isa = PBXBuildFile; fileRef = 60F3150D2C3505210088C390 /* SwiftUIRoadMapTests.swift */; };
		60F315182C3505220088C390 /* SwiftUIRoadMapUITests.swift in Sources */ = {isa = PBXBuildFile; fileRef = 60F315172C3505220088C390 /* SwiftUIRoadMapUITests.swift */; };
		60F3151A2C3505220088C390 /* SwiftUIRoadMapUITestsLaunchTests.swift in Sources */ = {isa = PBXBuildFile; fileRef = 60F315192C3505220088C390 /* SwiftUIRoadMapUITestsLaunchTests.swift */; };
/* End PBXBuildFile section */

/* Begin PBXContainerItemProxy section */
		60F3150A2C3505210088C390 /* PBXContainerItemProxy */ = {
			isa = PBXContainerItemProxy;
			containerPortal = 60F314F02C3505200088C390 /* Project object */;
			proxyType = 1;
			remoteGlobalIDString = 60F314F72C3505200088C390;
			remoteInfo = SwiftUIRoadMap;
		};
		60F315142C3505220088C390 /* PBXContainerItemProxy */ = {
			isa = PBXContainerItemProxy;
			containerPortal = 60F314F02C3505200088C390 /* Project object */;
			proxyType = 1;
			remoteGlobalIDString = 60F314F72C3505200088C390;
			remoteInfo = SwiftUIRoadMap;
		};
/* End PBXContainerItemProxy section */

/* Begin PBXFileReference section */
		605B33612C36869A00BD872E /* NavigationBarItemScreen.swift */ = {isa = PBXFileReference; lastKnownFileType = sourcecode.swift; path = NavigationBarItemScreen.swift; sourceTree = "<group>"; };
		605B33642C3688C600BD872E /* SplitViewScreen.swift */ = {isa = PBXFileReference; lastKnownFileType = sourcecode.swift; path = SplitViewScreen.swift; sourceTree = "<group>"; };
		60B7753D2C3507B200E7DEF6 /* NavigationLinkFirstScreen.swift */ = {isa = PBXFileReference; lastKnownFileType = sourcecode.swift; path = NavigationLinkFirstScreen.swift; sourceTree = "<group>"; };
		60B7753F2C3507BA00E7DEF6 /* NavigationLinkSecondScreen.swift */ = {isa = PBXFileReference; lastKnownFileType = sourcecode.swift; path = NavigationLinkSecondScreen.swift; sourceTree = "<group>"; };
		60B775422C3507FB00E7DEF6 /* Roadmap.swift */ = {isa = PBXFileReference; lastKnownFileType = sourcecode.swift; path = Roadmap.swift; sourceTree = "<group>"; };
		60B775472C350C6300E7DEF6 /* ViewsRoadmapSelection.swift */ = {isa = PBXFileReference; lastKnownFileType = sourcecode.swift; path = ViewsRoadmapSelection.swift; sourceTree = "<group>"; };
		60B7754A2C35110000E7DEF6 /* NavigationViewScreen.swift */ = {isa = PBXFileReference; lastKnownFileType = sourcecode.swift; path = NavigationViewScreen.swift; sourceTree = "<group>"; };
		60F314F82C3505200088C390 /* SwiftUIRoadMap.app */ = {isa = PBXFileReference; explicitFileType = wrapper.application; includeInIndex = 0; path = SwiftUIRoadMap.app; sourceTree = BUILT_PRODUCTS_DIR; };
		60F314FB2C3505200088C390 /* SwiftUIRoadMapApp.swift */ = {isa = PBXFileReference; lastKnownFileType = sourcecode.swift; path = SwiftUIRoadMapApp.swift; sourceTree = "<group>"; };
		60F314FD2C3505200088C390 /* ContentView.swift */ = {isa = PBXFileReference; lastKnownFileType = sourcecode.swift; path = ContentView.swift; sourceTree = "<group>"; };
		60F314FF2C3505210088C390 /* Assets.xcassets */ = {isa = PBXFileReference; lastKnownFileType = folder.assetcatalog; path = Assets.xcassets; sourceTree = "<group>"; };
		60F315012C3505210088C390 /* SwiftUIRoadMap.entitlements */ = {isa = PBXFileReference; lastKnownFileType = text.plist.entitlements; path = SwiftUIRoadMap.entitlements; sourceTree = "<group>"; };
		60F315032C3505210088C390 /* Preview Assets.xcassets */ = {isa = PBXFileReference; lastKnownFileType = folder.assetcatalog; path = "Preview Assets.xcassets"; sourceTree = "<group>"; };
		60F315092C3505210088C390 /* SwiftUIRoadMapTests.xctest */ = {isa = PBXFileReference; explicitFileType = wrapper.cfbundle; includeInIndex = 0; path = SwiftUIRoadMapTests.xctest; sourceTree = BUILT_PRODUCTS_DIR; };
		60F3150D2C3505210088C390 /* SwiftUIRoadMapTests.swift */ = {isa = PBXFileReference; lastKnownFileType = sourcecode.swift; path = SwiftUIRoadMapTests.swift; sourceTree = "<group>"; };
		60F315132C3505220088C390 /* SwiftUIRoadMapUITests.xctest */ = {isa = PBXFileReference; explicitFileType = wrapper.cfbundle; includeInIndex = 0; path = SwiftUIRoadMapUITests.xctest; sourceTree = BUILT_PRODUCTS_DIR; };
		60F315172C3505220088C390 /* SwiftUIRoadMapUITests.swift */ = {isa = PBXFileReference; lastKnownFileType = sourcecode.swift; path = SwiftUIRoadMapUITests.swift; sourceTree = "<group>"; };
		60F315192C3505220088C390 /* SwiftUIRoadMapUITestsLaunchTests.swift */ = {isa = PBXFileReference; lastKnownFileType = sourcecode.swift; path = SwiftUIRoadMapUITestsLaunchTests.swift; sourceTree = "<group>"; };
/* End PBXFileReference section */

/* Begin PBXFrameworksBuildPhase section */
		60F314F52C3505200088C390 /* Frameworks */ = {
			isa = PBXFrameworksBuildPhase;
			buildActionMask = 2147483647;
			files = (
			);
			runOnlyForDeploymentPostprocessing = 0;
		};
		60F315062C3505210088C390 /* Frameworks */ = {
			isa = PBXFrameworksBuildPhase;
			buildActionMask = 2147483647;
			files = (
			);
			runOnlyForDeploymentPostprocessing = 0;
		};
		60F315102C3505220088C390 /* Frameworks */ = {
			isa = PBXFrameworksBuildPhase;
			buildActionMask = 2147483647;
			files = (
			);
			runOnlyForDeploymentPostprocessing = 0;
		};
/* End PBXFrameworksBuildPhase section */

/* Begin PBXGroup section */
		605B335F2C3685B300BD872E /* NavigationLink */ = {
			isa = PBXGroup;
			children = (
				60B7753D2C3507B200E7DEF6 /* NavigationLinkFirstScreen.swift */,
				60B7753F2C3507BA00E7DEF6 /* NavigationLinkSecondScreen.swift */,
			);
			path = NavigationLink;
			sourceTree = "<group>";
		};
		605B33602C36868E00BD872E /* NavigationBarItem */ = {
			isa = PBXGroup;
			children = (
				605B33612C36869A00BD872E /* NavigationBarItemScreen.swift */,
			);
			path = NavigationBarItem;
			sourceTree = "<group>";
		};
		605B33632C3688A800BD872E /* SplitView */ = {
			isa = PBXGroup;
			children = (
				605B33642C3688C600BD872E /* SplitViewScreen.swift */,
			);
			path = SplitView;
			sourceTree = "<group>";
		};
		60B7753B2C35074900E7DEF6 /* Core */ = {
			isa = PBXGroup;
			children = (
				60B7753C2C35077000E7DEF6 /* Screen */,
				60F314FB2C3505200088C390 /* SwiftUIRoadMapApp.swift */,
				60F314FD2C3505200088C390 /* ContentView.swift */,
			);
			path = Core;
			sourceTree = "<group>";
		};
		60B7753C2C35077000E7DEF6 /* Screen */ = {
			isa = PBXGroup;
			children = (
				60B775442C350AB800E7DEF6 /* ViewsRoadmap */,
			);
			path = Screen;
			sourceTree = "<group>";
		};
		60B775412C3507EA00E7DEF6 /* Utils */ = {
			isa = PBXGroup;
			children = (
				60B775422C3507FB00E7DEF6 /* Roadmap.swift */,
			);
			path = Utils;
			sourceTree = "<group>";
		};
		60B775442C350AB800E7DEF6 /* ViewsRoadmap */ = {
			isa = PBXGroup;
			children = (
				60B775492C3510E200E7DEF6 /* Components */,
				60B775472C350C6300E7DEF6 /* ViewsRoadmapSelection.swift */,
			);
			path = ViewsRoadmap;
			sourceTree = "<group>";
		};
		60B775492C3510E200E7DEF6 /* Components */ = {
			isa = PBXGroup;
			children = (
				60B7754C2C35110400E7DEF6 /* Navigation */,
			);
			path = Components;
			sourceTree = "<group>";
		};
		60B7754C2C35110400E7DEF6 /* Navigation */ = {
			isa = PBXGroup;
			children = (
				605B33632C3688A800BD872E /* SplitView */,
				605B33602C36868E00BD872E /* NavigationBarItem */,
				605B335F2C3685B300BD872E /* NavigationLink */,
				60B7754A2C35110000E7DEF6 /* NavigationViewScreen.swift */,
			);
			path = Navigation;
			sourceTree = "<group>";
		};
		60F314EF2C3505200088C390 = {
			isa = PBXGroup;
			children = (
				60F314FA2C3505200088C390 /* SwiftUIRoadMap */,
				60F3150C2C3505210088C390 /* SwiftUIRoadMapTests */,
				60F315162C3505220088C390 /* SwiftUIRoadMapUITests */,
				60F314F92C3505200088C390 /* Products */,
			);
			sourceTree = "<group>";
		};
		60F314F92C3505200088C390 /* Products */ = {
			isa = PBXGroup;
			children = (
				60F314F82C3505200088C390 /* SwiftUIRoadMap.app */,
				60F315092C3505210088C390 /* SwiftUIRoadMapTests.xctest */,
				60F315132C3505220088C390 /* SwiftUIRoadMapUITests.xctest */,
			);
			name = Products;
			sourceTree = "<group>";
		};
		60F314FA2C3505200088C390 /* SwiftUIRoadMap */ = {
			isa = PBXGroup;
			children = (
				60B775412C3507EA00E7DEF6 /* Utils */,
				60B7753B2C35074900E7DEF6 /* Core */,
				60F314FF2C3505210088C390 /* Assets.xcassets */,
				60F315012C3505210088C390 /* SwiftUIRoadMap.entitlements */,
				60F315022C3505210088C390 /* Preview Content */,
			);
			path = SwiftUIRoadMap;
			sourceTree = "<group>";
		};
		60F315022C3505210088C390 /* Preview Content */ = {
			isa = PBXGroup;
			children = (
				60F315032C3505210088C390 /* Preview Assets.xcassets */,
			);
			path = "Preview Content";
			sourceTree = "<group>";
		};
		60F3150C2C3505210088C390 /* SwiftUIRoadMapTests */ = {
			isa = PBXGroup;
			children = (
				60F3150D2C3505210088C390 /* SwiftUIRoadMapTests.swift */,
			);
			path = SwiftUIRoadMapTests;
			sourceTree = "<group>";
		};
		60F315162C3505220088C390 /* SwiftUIRoadMapUITests */ = {
			isa = PBXGroup;
			children = (
				60F315172C3505220088C390 /* SwiftUIRoadMapUITests.swift */,
				60F315192C3505220088C390 /* SwiftUIRoadMapUITestsLaunchTests.swift */,
			);
			path = SwiftUIRoadMapUITests;
			sourceTree = "<group>";
		};
/* End PBXGroup section */

/* Begin PBXNativeTarget section */
		60F314F72C3505200088C390 /* SwiftUIRoadMap */ = {
			isa = PBXNativeTarget;
			buildConfigurationList = 60F3151D2C3505220088C390 /* Build configuration list for PBXNativeTarget "SwiftUIRoadMap" */;
			buildPhases = (
				60F314F42C3505200088C390 /* Sources */,
				60F314F52C3505200088C390 /* Frameworks */,
				60F314F62C3505200088C390 /* Resources */,
			);
			buildRules = (
			);
			dependencies = (
			);
			name = SwiftUIRoadMap;
			productName = SwiftUIRoadMap;
			productReference = 60F314F82C3505200088C390 /* SwiftUIRoadMap.app */;
			productType = "com.apple.product-type.application";
		};
		60F315082C3505210088C390 /* SwiftUIRoadMapTests */ = {
			isa = PBXNativeTarget;
			buildConfigurationList = 60F315202C3505220088C390 /* Build configuration list for PBXNativeTarget "SwiftUIRoadMapTests" */;
			buildPhases = (
				60F315052C3505210088C390 /* Sources */,
				60F315062C3505210088C390 /* Frameworks */,
				60F315072C3505210088C390 /* Resources */,
			);
			buildRules = (
			);
			dependencies = (
				60F3150B2C3505210088C390 /* PBXTargetDependency */,
			);
			name = SwiftUIRoadMapTests;
			productName = SwiftUIRoadMapTests;
			productReference = 60F315092C3505210088C390 /* SwiftUIRoadMapTests.xctest */;
			productType = "com.apple.product-type.bundle.unit-test";
		};
		60F315122C3505220088C390 /* SwiftUIRoadMapUITests */ = {
			isa = PBXNativeTarget;
			buildConfigurationList = 60F315232C3505220088C390 /* Build configuration list for PBXNativeTarget "SwiftUIRoadMapUITests" */;
			buildPhases = (
				60F3150F2C3505220088C390 /* Sources */,
				60F315102C3505220088C390 /* Frameworks */,
				60F315112C3505220088C390 /* Resources */,
			);
			buildRules = (
			);
			dependencies = (
				60F315152C3505220088C390 /* PBXTargetDependency */,
			);
			name = SwiftUIRoadMapUITests;
			productName = SwiftUIRoadMapUITests;
			productReference = 60F315132C3505220088C390 /* SwiftUIRoadMapUITests.xctest */;
			productType = "com.apple.product-type.bundle.ui-testing";
		};
/* End PBXNativeTarget section */

/* Begin PBXProject section */
		60F314F02C3505200088C390 /* Project object */ = {
			isa = PBXProject;
			attributes = {
				BuildIndependentTargetsInParallel = 1;
				LastSwiftUpdateCheck = 1540;
				LastUpgradeCheck = 1540;
				TargetAttributes = {
					60F314F72C3505200088C390 = {
						CreatedOnToolsVersion = 15.4;
					};
					60F315082C3505210088C390 = {
						CreatedOnToolsVersion = 15.4;
						TestTargetID = 60F314F72C3505200088C390;
					};
					60F315122C3505220088C390 = {
						CreatedOnToolsVersion = 15.4;
						TestTargetID = 60F314F72C3505200088C390;
					};
				};
			};
			buildConfigurationList = 60F314F32C3505200088C390 /* Build configuration list for PBXProject "SwiftUIRoadMap" */;
			compatibilityVersion = "Xcode 14.0";
			developmentRegion = en;
			hasScannedForEncodings = 0;
			knownRegions = (
				en,
				Base,
			);
			mainGroup = 60F314EF2C3505200088C390;
			productRefGroup = 60F314F92C3505200088C390 /* Products */;
			projectDirPath = "";
			projectRoot = "";
			targets = (
				60F314F72C3505200088C390 /* SwiftUIRoadMap */,
				60F315082C3505210088C390 /* SwiftUIRoadMapTests */,
				60F315122C3505220088C390 /* SwiftUIRoadMapUITests */,
			);
		};
/* End PBXProject section */

/* Begin PBXResourcesBuildPhase section */
		60F314F62C3505200088C390 /* Resources */ = {
			isa = PBXResourcesBuildPhase;
			buildActionMask = 2147483647;
			files = (
				60F315042C3505210088C390 /* Preview Assets.xcassets in Resources */,
				60F315002C3505210088C390 /* Assets.xcassets in Resources */,
			);
			runOnlyForDeploymentPostprocessing = 0;
		};
		60F315072C3505210088C390 /* Resources */ = {
			isa = PBXResourcesBuildPhase;
			buildActionMask = 2147483647;
			files = (
			);
			runOnlyForDeploymentPostprocessing = 0;
		};
		60F315112C3505220088C390 /* Resources */ = {
			isa = PBXResourcesBuildPhase;
			buildActionMask = 2147483647;
			files = (
			);
			runOnlyForDeploymentPostprocessing = 0;
		};
/* End PBXResourcesBuildPhase section */

/* Begin PBXSourcesBuildPhase section */
		60F314F42C3505200088C390 /* Sources */ = {
			isa = PBXSourcesBuildPhase;
			buildActionMask = 2147483647;
			files = (
				60F314FE2C3505200088C390 /* ContentView.swift in Sources */,
				605B33652C3688C600BD872E /* SplitViewScreen.swift in Sources */,
				60B775402C3507BA00E7DEF6 /* NavigationLinkSecondScreen.swift in Sources */,
				60B7754B2C35110000E7DEF6 /* NavigationViewScreen.swift in Sources */,
				60F314FC2C3505200088C390 /* SwiftUIRoadMapApp.swift in Sources */,
				605B33622C36869A00BD872E /* NavigationBarItemScreen.swift in Sources */,
				60B7753E2C3507B200E7DEF6 /* NavigationLinkFirstScreen.swift in Sources */,
				60B775482C350C6300E7DEF6 /* ViewsRoadmapSelection.swift in Sources */,
				60B775432C3507FB00E7DEF6 /* Roadmap.swift in Sources */,
			);
			runOnlyForDeploymentPostprocessing = 0;
		};
		60F315052C3505210088C390 /* Sources */ = {
			isa = PBXSourcesBuildPhase;
			buildActionMask = 2147483647;
			files = (
				60F3150E2C3505210088C390 /* SwiftUIRoadMapTests.swift in Sources */,
			);
			runOnlyForDeploymentPostprocessing = 0;
		};
		60F3150F2C3505220088C390 /* Sources */ = {
			isa = PBXSourcesBuildPhase;
			buildActionMask = 2147483647;
			files = (
				60F315182C3505220088C390 /* SwiftUIRoadMapUITests.swift in Sources */,
				60F3151A2C3505220088C390 /* SwiftUIRoadMapUITestsLaunchTests.swift in Sources */,
			);
			runOnlyForDeploymentPostprocessing = 0;
		};
/* End PBXSourcesBuildPhase section */

/* Begin PBXTargetDependency section */
		60F3150B2C3505210088C390 /* PBXTargetDependency */ = {
			isa = PBXTargetDependency;
			target = 60F314F72C3505200088C390 /* SwiftUIRoadMap */;
			targetProxy = 60F3150A2C3505210088C390 /* PBXContainerItemProxy */;
		};
		60F315152C3505220088C390 /* PBXTargetDependency */ = {
			isa = PBXTargetDependency;
			target = 60F314F72C3505200088C390 /* SwiftUIRoadMap */;
			targetProxy = 60F315142C3505220088C390 /* PBXContainerItemProxy */;
		};
/* End PBXTargetDependency section */

/* Begin XCBuildConfiguration section */
		60F3151B2C3505220088C390 /* Debug */ = {
			isa = XCBuildConfiguration;
			buildSettings = {
				ALWAYS_SEARCH_USER_PATHS = NO;
				ASSETCATALOG_COMPILER_GENERATE_SWIFT_ASSET_SYMBOL_EXTENSIONS = YES;
				CLANG_ANALYZER_NONNULL = YES;
				CLANG_ANALYZER_NUMBER_OBJECT_CONVERSION = YES_AGGRESSIVE;
				CLANG_CXX_LANGUAGE_STANDARD = "gnu++20";
				CLANG_ENABLE_MODULES = YES;
				CLANG_ENABLE_OBJC_ARC = YES;
				CLANG_ENABLE_OBJC_WEAK = YES;
				CLANG_WARN_BLOCK_CAPTURE_AUTORELEASING = YES;
				CLANG_WARN_BOOL_CONVERSION = YES;
				CLANG_WARN_COMMA = YES;
				CLANG_WARN_CONSTANT_CONVERSION = YES;
				CLANG_WARN_DEPRECATED_OBJC_IMPLEMENTATIONS = YES;
				CLANG_WARN_DIRECT_OBJC_ISA_USAGE = YES_ERROR;
				CLANG_WARN_DOCUMENTATION_COMMENTS = YES;
				CLANG_WARN_EMPTY_BODY = YES;
				CLANG_WARN_ENUM_CONVERSION = YES;
				CLANG_WARN_INFINITE_RECURSION = YES;
				CLANG_WARN_INT_CONVERSION = YES;
				CLANG_WARN_NON_LITERAL_NULL_CONVERSION = YES;
				CLANG_WARN_OBJC_IMPLICIT_RETAIN_SELF = YES;
				CLANG_WARN_OBJC_LITERAL_CONVERSION = YES;
				CLANG_WARN_OBJC_ROOT_CLASS = YES_ERROR;
				CLANG_WARN_QUOTED_INCLUDE_IN_FRAMEWORK_HEADER = YES;
				CLANG_WARN_RANGE_LOOP_ANALYSIS = YES;
				CLANG_WARN_STRICT_PROTOTYPES = YES;
				CLANG_WARN_SUSPICIOUS_MOVE = YES;
				CLANG_WARN_UNGUARDED_AVAILABILITY = YES_AGGRESSIVE;
				CLANG_WARN_UNREACHABLE_CODE = YES;
				CLANG_WARN__DUPLICATE_METHOD_MATCH = YES;
				COPY_PHASE_STRIP = NO;
				DEBUG_INFORMATION_FORMAT = dwarf;
				ENABLE_STRICT_OBJC_MSGSEND = YES;
				ENABLE_TESTABILITY = YES;
				ENABLE_USER_SCRIPT_SANDBOXING = YES;
				GCC_C_LANGUAGE_STANDARD = gnu17;
				GCC_DYNAMIC_NO_PIC = NO;
				GCC_NO_COMMON_BLOCKS = YES;
				GCC_OPTIMIZATION_LEVEL = 0;
				GCC_PREPROCESSOR_DEFINITIONS = (
					"DEBUG=1",
					"$(inherited)",
				);
				GCC_WARN_64_TO_32_BIT_CONVERSION = YES;
				GCC_WARN_ABOUT_RETURN_TYPE = YES_ERROR;
				GCC_WARN_UNDECLARED_SELECTOR = YES;
				GCC_WARN_UNINITIALIZED_AUTOS = YES_AGGRESSIVE;
				GCC_WARN_UNUSED_FUNCTION = YES;
				GCC_WARN_UNUSED_VARIABLE = YES;
				LOCALIZATION_PREFERS_STRING_CATALOGS = YES;
				MTL_ENABLE_DEBUG_INFO = INCLUDE_SOURCE;
				MTL_FAST_MATH = YES;
				ONLY_ACTIVE_ARCH = YES;
				SWIFT_ACTIVE_COMPILATION_CONDITIONS = "DEBUG $(inherited)";
				SWIFT_OPTIMIZATION_LEVEL = "-Onone";
			};
			name = Debug;
		};
		60F3151C2C3505220088C390 /* Release */ = {
			isa = XCBuildConfiguration;
			buildSettings = {
				ALWAYS_SEARCH_USER_PATHS = NO;
				ASSETCATALOG_COMPILER_GENERATE_SWIFT_ASSET_SYMBOL_EXTENSIONS = YES;
				CLANG_ANALYZER_NONNULL = YES;
				CLANG_ANALYZER_NUMBER_OBJECT_CONVERSION = YES_AGGRESSIVE;
				CLANG_CXX_LANGUAGE_STANDARD = "gnu++20";
				CLANG_ENABLE_MODULES = YES;
				CLANG_ENABLE_OBJC_ARC = YES;
				CLANG_ENABLE_OBJC_WEAK = YES;
				CLANG_WARN_BLOCK_CAPTURE_AUTORELEASING = YES;
				CLANG_WARN_BOOL_CONVERSION = YES;
				CLANG_WARN_COMMA = YES;
				CLANG_WARN_CONSTANT_CONVERSION = YES;
				CLANG_WARN_DEPRECATED_OBJC_IMPLEMENTATIONS = YES;
				CLANG_WARN_DIRECT_OBJC_ISA_USAGE = YES_ERROR;
				CLANG_WARN_DOCUMENTATION_COMMENTS = YES;
				CLANG_WARN_EMPTY_BODY = YES;
				CLANG_WARN_ENUM_CONVERSION = YES;
				CLANG_WARN_INFINITE_RECURSION = YES;
				CLANG_WARN_INT_CONVERSION = YES;
				CLANG_WARN_NON_LITERAL_NULL_CONVERSION = YES;
				CLANG_WARN_OBJC_IMPLICIT_RETAIN_SELF = YES;
				CLANG_WARN_OBJC_LITERAL_CONVERSION = YES;
				CLANG_WARN_OBJC_ROOT_CLASS = YES_ERROR;
				CLANG_WARN_QUOTED_INCLUDE_IN_FRAMEWORK_HEADER = YES;
				CLANG_WARN_RANGE_LOOP_ANALYSIS = YES;
				CLANG_WARN_STRICT_PROTOTYPES = YES;
				CLANG_WARN_SUSPICIOUS_MOVE = YES;
				CLANG_WARN_UNGUARDED_AVAILABILITY = YES_AGGRESSIVE;
				CLANG_WARN_UNREACHABLE_CODE = YES;
				CLANG_WARN__DUPLICATE_METHOD_MATCH = YES;
				COPY_PHASE_STRIP = NO;
				DEBUG_INFORMATION_FORMAT = "dwarf-with-dsym";
				ENABLE_NS_ASSERTIONS = NO;
				ENABLE_STRICT_OBJC_MSGSEND = YES;
				ENABLE_USER_SCRIPT_SANDBOXING = YES;
				GCC_C_LANGUAGE_STANDARD = gnu17;
				GCC_NO_COMMON_BLOCKS = YES;
				GCC_WARN_64_TO_32_BIT_CONVERSION = YES;
				GCC_WARN_ABOUT_RETURN_TYPE = YES_ERROR;
				GCC_WARN_UNDECLARED_SELECTOR = YES;
				GCC_WARN_UNINITIALIZED_AUTOS = YES_AGGRESSIVE;
				GCC_WARN_UNUSED_FUNCTION = YES;
				GCC_WARN_UNUSED_VARIABLE = YES;
				LOCALIZATION_PREFERS_STRING_CATALOGS = YES;
				MTL_ENABLE_DEBUG_INFO = NO;
				MTL_FAST_MATH = YES;
				SWIFT_COMPILATION_MODE = wholemodule;
			};
			name = Release;
		};
		60F3151E2C3505220088C390 /* Debug */ = {
			isa = XCBuildConfiguration;
			buildSettings = {
				ASSETCATALOG_COMPILER_APPICON_NAME = AppIcon;
				ASSETCATALOG_COMPILER_GLOBAL_ACCENT_COLOR_NAME = AccentColor;
				CODE_SIGN_ENTITLEMENTS = SwiftUIRoadMap/SwiftUIRoadMap.entitlements;
				CODE_SIGN_STYLE = Automatic;
				CURRENT_PROJECT_VERSION = 1;
				DEVELOPMENT_ASSET_PATHS = "\"SwiftUIRoadMap/Preview Content\"";
				DEVELOPMENT_TEAM = NUP9G5V5V5;
				ENABLE_HARDENED_RUNTIME = YES;
				ENABLE_PREVIEWS = YES;
				GENERATE_INFOPLIST_FILE = YES;
				"INFOPLIST_KEY_UIApplicationSceneManifest_Generation[sdk=iphoneos*]" = YES;
				"INFOPLIST_KEY_UIApplicationSceneManifest_Generation[sdk=iphonesimulator*]" = YES;
				"INFOPLIST_KEY_UIApplicationSupportsIndirectInputEvents[sdk=iphoneos*]" = YES;
				"INFOPLIST_KEY_UIApplicationSupportsIndirectInputEvents[sdk=iphonesimulator*]" = YES;
				"INFOPLIST_KEY_UILaunchScreen_Generation[sdk=iphoneos*]" = YES;
				"INFOPLIST_KEY_UILaunchScreen_Generation[sdk=iphonesimulator*]" = YES;
				"INFOPLIST_KEY_UIStatusBarStyle[sdk=iphoneos*]" = UIStatusBarStyleDefault;
				"INFOPLIST_KEY_UIStatusBarStyle[sdk=iphonesimulator*]" = UIStatusBarStyleDefault;
				INFOPLIST_KEY_UISupportedInterfaceOrientations_iPad = "UIInterfaceOrientationPortrait UIInterfaceOrientationPortraitUpsideDown UIInterfaceOrientationLandscapeLeft UIInterfaceOrientationLandscapeRight";
				INFOPLIST_KEY_UISupportedInterfaceOrientations_iPhone = "UIInterfaceOrientationPortrait UIInterfaceOrientationLandscapeLeft UIInterfaceOrientationLandscapeRight";
				IPHONEOS_DEPLOYMENT_TARGET = 17.5;
				LD_RUNPATH_SEARCH_PATHS = "@executable_path/Frameworks";
				"LD_RUNPATH_SEARCH_PATHS[sdk=macosx*]" = "@executable_path/../Frameworks";
				MACOSX_DEPLOYMENT_TARGET = 14.5;
				MARKETING_VERSION = 1.0;
				PRODUCT_BUNDLE_IDENTIFIER = leowirasanto.SwiftUIRoadMap;
				PRODUCT_NAME = "$(TARGET_NAME)";
				SDKROOT = auto;
				SUPPORTED_PLATFORMS = "iphoneos iphonesimulator";
				SUPPORTS_MACCATALYST = NO;
				SWIFT_EMIT_LOC_STRINGS = YES;
				SWIFT_VERSION = 5.0;
				TARGETED_DEVICE_FAMILY = 1;
			};
			name = Debug;
		};
		60F3151F2C3505220088C390 /* Release */ = {
			isa = XCBuildConfiguration;
			buildSettings = {
				ASSETCATALOG_COMPILER_APPICON_NAME = AppIcon;
				ASSETCATALOG_COMPILER_GLOBAL_ACCENT_COLOR_NAME = AccentColor;
				CODE_SIGN_ENTITLEMENTS = SwiftUIRoadMap/SwiftUIRoadMap.entitlements;
				CODE_SIGN_STYLE = Automatic;
				CURRENT_PROJECT_VERSION = 1;
				DEVELOPMENT_ASSET_PATHS = "\"SwiftUIRoadMap/Preview Content\"";
				DEVELOPMENT_TEAM = NUP9G5V5V5;
				ENABLE_HARDENED_RUNTIME = YES;
				ENABLE_PREVIEWS = YES;
				GENERATE_INFOPLIST_FILE = YES;
				"INFOPLIST_KEY_UIApplicationSceneManifest_Generation[sdk=iphoneos*]" = YES;
				"INFOPLIST_KEY_UIApplicationSceneManifest_Generation[sdk=iphonesimulator*]" = YES;
				"INFOPLIST_KEY_UIApplicationSupportsIndirectInputEvents[sdk=iphoneos*]" = YES;
				"INFOPLIST_KEY_UIApplicationSupportsIndirectInputEvents[sdk=iphonesimulator*]" = YES;
				"INFOPLIST_KEY_UILaunchScreen_Generation[sdk=iphoneos*]" = YES;
				"INFOPLIST_KEY_UILaunchScreen_Generation[sdk=iphonesimulator*]" = YES;
				"INFOPLIST_KEY_UIStatusBarStyle[sdk=iphoneos*]" = UIStatusBarStyleDefault;
				"INFOPLIST_KEY_UIStatusBarStyle[sdk=iphonesimulator*]" = UIStatusBarStyleDefault;
				INFOPLIST_KEY_UISupportedInterfaceOrientations_iPad = "UIInterfaceOrientationPortrait UIInterfaceOrientationPortraitUpsideDown UIInterfaceOrientationLandscapeLeft UIInterfaceOrientationLandscapeRight";
				INFOPLIST_KEY_UISupportedInterfaceOrientations_iPhone = "UIInterfaceOrientationPortrait UIInterfaceOrientationLandscapeLeft UIInterfaceOrientationLandscapeRight";
				IPHONEOS_DEPLOYMENT_TARGET = 17.5;
				LD_RUNPATH_SEARCH_PATHS = "@executable_path/Frameworks";
				"LD_RUNPATH_SEARCH_PATHS[sdk=macosx*]" = "@executable_path/../Frameworks";
				MACOSX_DEPLOYMENT_TARGET = 14.5;
				MARKETING_VERSION = 1.0;
				PRODUCT_BUNDLE_IDENTIFIER = leowirasanto.SwiftUIRoadMap;
				PRODUCT_NAME = "$(TARGET_NAME)";
				SDKROOT = auto;
				SUPPORTED_PLATFORMS = "iphoneos iphonesimulator";
				SUPPORTS_MACCATALYST = NO;
				SWIFT_EMIT_LOC_STRINGS = YES;
				SWIFT_VERSION = 5.0;
				TARGETED_DEVICE_FAMILY = 1;
			};
			name = Release;
		};
		60F315212C3505220088C390 /* Debug */ = {
			isa = XCBuildConfiguration;
			buildSettings = {
				ALWAYS_EMBED_SWIFT_STANDARD_LIBRARIES = YES;
				BUNDLE_LOADER = "$(TEST_HOST)";
				CODE_SIGN_STYLE = Automatic;
				CURRENT_PROJECT_VERSION = 1;
				DEVELOPMENT_TEAM = NUP9G5V5V5;
				GENERATE_INFOPLIST_FILE = YES;
				IPHONEOS_DEPLOYMENT_TARGET = 17.5;
				MACOSX_DEPLOYMENT_TARGET = 14.5;
				MARKETING_VERSION = 1.0;
				PRODUCT_BUNDLE_IDENTIFIER = leowirasanto.SwiftUIRoadMapTests;
				PRODUCT_NAME = "$(TARGET_NAME)";
				SDKROOT = auto;
				SUPPORTED_PLATFORMS = "iphoneos iphonesimulator macosx";
				SWIFT_EMIT_LOC_STRINGS = NO;
				SWIFT_VERSION = 5.0;
				TARGETED_DEVICE_FAMILY = "1,2";
				TEST_HOST = "$(BUILT_PRODUCTS_DIR)/SwiftUIRoadMap.app/$(BUNDLE_EXECUTABLE_FOLDER_PATH)/SwiftUIRoadMap";
			};
			name = Debug;
		};
		60F315222C3505220088C390 /* Release */ = {
			isa = XCBuildConfiguration;
			buildSettings = {
				ALWAYS_EMBED_SWIFT_STANDARD_LIBRARIES = YES;
				BUNDLE_LOADER = "$(TEST_HOST)";
				CODE_SIGN_STYLE = Automatic;
				CURRENT_PROJECT_VERSION = 1;
				DEVELOPMENT_TEAM = NUP9G5V5V5;
				GENERATE_INFOPLIST_FILE = YES;
				IPHONEOS_DEPLOYMENT_TARGET = 17.5;
				MACOSX_DEPLOYMENT_TARGET = 14.5;
				MARKETING_VERSION = 1.0;
				PRODUCT_BUNDLE_IDENTIFIER = leowirasanto.SwiftUIRoadMapTests;
				PRODUCT_NAME = "$(TARGET_NAME)";
				SDKROOT = auto;
				SUPPORTED_PLATFORMS = "iphoneos iphonesimulator macosx";
				SWIFT_EMIT_LOC_STRINGS = NO;
				SWIFT_VERSION = 5.0;
				TARGETED_DEVICE_FAMILY = "1,2";
				TEST_HOST = "$(BUILT_PRODUCTS_DIR)/SwiftUIRoadMap.app/$(BUNDLE_EXECUTABLE_FOLDER_PATH)/SwiftUIRoadMap";
			};
			name = Release;
		};
		60F315242C3505220088C390 /* Debug */ = {
			isa = XCBuildConfiguration;
			buildSettings = {
				ALWAYS_EMBED_SWIFT_STANDARD_LIBRARIES = YES;
				CODE_SIGN_STYLE = Automatic;
				CURRENT_PROJECT_VERSION = 1;
				DEVELOPMENT_TEAM = NUP9G5V5V5;
				GENERATE_INFOPLIST_FILE = YES;
				IPHONEOS_DEPLOYMENT_TARGET = 17.5;
				MACOSX_DEPLOYMENT_TARGET = 14.5;
				MARKETING_VERSION = 1.0;
				PRODUCT_BUNDLE_IDENTIFIER = leowirasanto.SwiftUIRoadMapUITests;
				PRODUCT_NAME = "$(TARGET_NAME)";
				SDKROOT = auto;
				SUPPORTED_PLATFORMS = "iphoneos iphonesimulator macosx";
				SWIFT_EMIT_LOC_STRINGS = NO;
				SWIFT_VERSION = 5.0;
				TARGETED_DEVICE_FAMILY = "1,2";
				TEST_TARGET_NAME = SwiftUIRoadMap;
			};
			name = Debug;
		};
		60F315252C3505220088C390 /* Release */ = {
			isa = XCBuildConfiguration;
			buildSettings = {
				ALWAYS_EMBED_SWIFT_STANDARD_LIBRARIES = YES;
				CODE_SIGN_STYLE = Automatic;
				CURRENT_PROJECT_VERSION = 1;
				DEVELOPMENT_TEAM = NUP9G5V5V5;
				GENERATE_INFOPLIST_FILE = YES;
				IPHONEOS_DEPLOYMENT_TARGET = 17.5;
				MACOSX_DEPLOYMENT_TARGET = 14.5;
				MARKETING_VERSION = 1.0;
				PRODUCT_BUNDLE_IDENTIFIER = leowirasanto.SwiftUIRoadMapUITests;
				PRODUCT_NAME = "$(TARGET_NAME)";
				SDKROOT = auto;
				SUPPORTED_PLATFORMS = "iphoneos iphonesimulator macosx";
				SWIFT_EMIT_LOC_STRINGS = NO;
				SWIFT_VERSION = 5.0;
				TARGETED_DEVICE_FAMILY = "1,2";
				TEST_TARGET_NAME = SwiftUIRoadMap;
			};
			name = Release;
		};
/* End XCBuildConfiguration section */

/* Begin XCConfigurationList section */
		60F314F32C3505200088C390 /* Build configuration list for PBXProject "SwiftUIRoadMap" */ = {
			isa = XCConfigurationList;
			buildConfigurations = (
				60F3151B2C3505220088C390 /* Debug */,
				60F3151C2C3505220088C390 /* Release */,
			);
			defaultConfigurationIsVisible = 0;
			defaultConfigurationName = Release;
		};
		60F3151D2C3505220088C390 /* Build configuration list for PBXNativeTarget "SwiftUIRoadMap" */ = {
			isa = XCConfigurationList;
			buildConfigurations = (
				60F3151E2C3505220088C390 /* Debug */,
				60F3151F2C3505220088C390 /* Release */,
			);
			defaultConfigurationIsVisible = 0;
			defaultConfigurationName = Release;
		};
		60F315202C3505220088C390 /* Build configuration list for PBXNativeTarget "SwiftUIRoadMapTests" */ = {
			isa = XCConfigurationList;
			buildConfigurations = (
				60F315212C3505220088C390 /* Debug */,
				60F315222C3505220088C390 /* Release */,
			);
			defaultConfigurationIsVisible = 0;
			defaultConfigurationName = Release;
		};
		60F315232C3505220088C390 /* Build configuration list for PBXNativeTarget "SwiftUIRoadMapUITests" */ = {
			isa = XCConfigurationList;
			buildConfigurations = (
				60F315242C3505220088C390 /* Debug */,
				60F315252C3505220088C390 /* Release */,
			);
			defaultConfigurationIsVisible = 0;
			defaultConfigurationName = Release;
		};
/* End XCConfigurationList section */
	};
	rootObject = 60F314F02C3505200088C390 /* Project object */;
}
